{
  "version": "3",
  "packages": {
    "specifiers": {
      "jsr:@std/assert@^0.224.0": "jsr:@std/assert@0.224.0",
      "jsr:@std/cli@^1.0.6": "jsr:@std/cli@1.0.6",
      "jsr:@std/csv@^1.0.3": "jsr:@std/csv@1.0.3",
      "jsr:@std/encoding@^0.224.0": "jsr:@std/encoding@0.224.3",
      "jsr:@std/encoding@^1.0.5": "jsr:@std/encoding@1.0.5",
      "jsr:@std/fmt@^1.0.2": "jsr:@std/fmt@1.0.2",
      "jsr:@std/fs@^0.224.0": "jsr:@std/fs@0.224.0",
      "jsr:@std/http@^1.0.6": "jsr:@std/http@1.0.6",
      "jsr:@std/media-types@^1.0.3": "jsr:@std/media-types@1.0.3",
      "jsr:@std/net@^1.0.3": "jsr:@std/net@1.0.4",
      "jsr:@std/path@^0.224.0": "jsr:@std/path@0.224.0",
      "jsr:@std/path@^1.0.5": "jsr:@std/path@1.0.6",
      "jsr:@std/streams@^1.0.4": "jsr:@std/streams@1.0.5",
      "jsr:@std/streams@^1.0.5": "jsr:@std/streams@1.0.5"
    },
    "jsr": {
      "@std/assert@0.224.0": {
        "integrity": "8643233ec7aec38a940a8264a6e3eed9bfa44e7a71cc6b3c8874213ff401967f"
      },
      "@std/cli@1.0.6": {
        "integrity": "d22d8b38c66c666d7ad1f2a66c5b122da1704f985d3c47f01129f05abb6c5d3d"
      },
      "@std/csv@1.0.3": {
        "integrity": "623acf0dcb88d62ba727c3611ad005df7f109ede8cac833e3986f540744562e5",
        "dependencies": [
          "jsr:@std/streams@^1.0.4"
        ]
      },
      "@std/encoding@0.224.3": {
        "integrity": "5e861b6d81be5359fad4155e591acf17c0207b595112d1840998bb9f476dbdaf"
      },
      "@std/encoding@1.0.5": {
        "integrity": "ecf363d4fc25bd85bd915ff6733a7e79b67e0e7806334af15f4645c569fefc04"
      },
      "@std/fmt@1.0.2": {
        "integrity": "87e9dfcdd3ca7c066e0c3c657c1f987c82888eb8103a3a3baa62684ffeb0f7a7"
      },
      "@std/fs@0.224.0": {
        "integrity": "52a5ec89731ac0ca8f971079339286f88c571a4d61686acf75833f03a89d8e69",
        "dependencies": [
          "jsr:@std/assert@^0.224.0",
          "jsr:@std/path@^0.224.0"
        ]
      },
      "@std/http@1.0.6": {
        "integrity": "20a6f3fa4a914fbb19ea96572f2519b656232597092581ed706cd865d842d0d0",
        "dependencies": [
          "jsr:@std/cli@^1.0.6",
          "jsr:@std/encoding@^1.0.5",
          "jsr:@std/fmt@^1.0.2",
          "jsr:@std/media-types@^1.0.3",
          "jsr:@std/net@^1.0.3",
          "jsr:@std/path@^1.0.5",
          "jsr:@std/streams@^1.0.5"
        ]
      },
      "@std/media-types@1.0.3": {
        "integrity": "b12d30a7852f7578f4d210622df713bbfd1cbdd9b4ec2eaf5c1845ab70bab159"
      },
      "@std/net@1.0.4": {
        "integrity": "2f403b455ebbccf83d8a027d29c5a9e3a2452fea39bb2da7f2c04af09c8bc852"
      },
      "@std/path@0.224.0": {
        "integrity": "55bca6361e5a6d158b9380e82d4981d82d338ec587de02951e2b7c3a24910ee6",
        "dependencies": [
          "jsr:@std/assert@^0.224.0"
        ]
      },
      "@std/path@1.0.6": {
        "integrity": "ab2c55f902b380cf28e0eec501b4906e4c1960d13f00e11cfbcd21de15f18fed"
      },
      "@std/streams@1.0.4": {
        "integrity": "a1a5b01c74ca1d2dcaacfe1d4bbb91392e765946d82a3471bd95539adc6da83a"
      },
      "@std/streams@1.0.5": {
        "integrity": "74e5c73d7d68eeab0d7fba3b05cbee3ba4ac5ae37c5f4e675f67e62f8f53edc4"
      }
    }
  },
  "remote": {
    "https://deno.land/std@0.181.0/_util/asserts.ts": "178dfc49a464aee693a7e285567b3d0b555dc805ff490505a8aae34f9cfb1462",
    "https://deno.land/std@0.181.0/_util/os.ts": "d932f56d41e4f6a6093d56044e29ce637f8dcc43c5a90af43504a889cf1775e3",
    "https://deno.land/std@0.181.0/async/abortable.ts": "fd682fa46f3b7b16b4606a5ab52a7ce309434b76f820d3221bdfb862719a15d7",
    "https://deno.land/std@0.181.0/async/deadline.ts": "c5facb0b404eede83e38bd2717ea8ab34faa2ffb20ef87fd261fcba32ba307aa",
    "https://deno.land/std@0.181.0/async/debounce.ts": "adab11d04ca38d699444ac8a9d9856b4155e8dda2afd07ce78276c01ea5a4332",
    "https://deno.land/std@0.181.0/async/deferred.ts": "42790112f36a75a57db4a96d33974a936deb7b04d25c6084a9fa8a49f135def8",
    "https://deno.land/std@0.181.0/async/delay.ts": "73aa04cec034c84fc748c7be49bb15cac3dd43a57174bfdb7a4aec22c248f0dd",
    "https://deno.land/std@0.181.0/async/mod.ts": "f04344fa21738e5ad6bea37a6bfffd57c617c2d372bb9f9dcfd118a1b622e576",
    "https://deno.land/std@0.181.0/async/mux_async_iterator.ts": "70c7f2ee4e9466161350473ad61cac0b9f115cff4c552eaa7ef9d50c4cbb4cc9",
    "https://deno.land/std@0.181.0/async/pool.ts": "fd082bd4aaf26445909889435a5c74334c017847842ec035739b4ae637ae8260",
    "https://deno.land/std@0.181.0/async/retry.ts": "dd19d93033d8eaddbfcb7654c0366e9d3b0a21448bdb06eba4a7d8a8cf936a92",
    "https://deno.land/std@0.181.0/async/tee.ts": "47e42d35f622650b02234d43803d0383a89eb4387e1b83b5a40106d18ae36757",
    "https://deno.land/std@0.181.0/csv/_io.ts": "a0adec0dff2a55519f3782f931ed4340959d3be55cf92381ee424fc0d9b3bc65",
    "https://deno.land/std@0.181.0/csv/mod.ts": "5f6fdc984c00d77776880bc135e4cd8dd1446d94a9640864361142313a1bbcd6",
    "https://deno.land/std@0.181.0/csv/parse.ts": "03efc935a257780dd126bca06cbf879665d2ce8ee5a88c0015d45aa2274dcdc2",
    "https://deno.land/std@0.181.0/csv/stream.ts": "240a14563dba0bc30786a9bf667a194c8bc29a0b4a300317b554088324791bc5",
    "https://deno.land/std@0.181.0/csv/stringify.ts": "f0dd4baa8b282b37d91a025ec458dc814d357e934778026661b9ebdf0d3a59a2",
    "https://deno.land/std@0.181.0/encoding/csv.ts": "6b39b22bc5cff40d39a1ec49f49c7f2a426b73aed5ea01f987afc7a85e384f97",
    "https://deno.land/std@0.181.0/fs/_util.ts": "65381f341af1ff7f40198cee15c20f59951ac26e51ddc651c5293e24f9ce6f32",
    "https://deno.land/std@0.181.0/fs/copy.ts": "14214efd94fc3aa6db1e4af2b4b9578e50f7362b7f3725d5a14ad259a5df26c8",
    "https://deno.land/std@0.181.0/fs/empty_dir.ts": "c3d2da4c7352fab1cf144a1ecfef58090769e8af633678e0f3fabaef98594688",
    "https://deno.land/std@0.181.0/fs/ensure_dir.ts": "dc64c4c75c64721d4e3fb681f1382f803ff3d2868f08563ff923fdd20d071c40",
    "https://deno.land/std@0.181.0/fs/ensure_file.ts": "c38602670bfaf259d86ca824a94e6cb9e5eb73757fefa4ebf43a90dd017d53d9",
    "https://deno.land/std@0.181.0/fs/ensure_link.ts": "c0f5b2f0ec094ed52b9128eccb1ee23362a617457aa0f699b145d4883f5b2fb4",
    "https://deno.land/std@0.181.0/fs/ensure_symlink.ts": "5006ab2f458159c56d689b53b1e48d57e05eeb1eaf64e677f7f76a30bc4fdba1",
    "https://deno.land/std@0.181.0/fs/eol.ts": "f1f2eb348a750c34500741987b21d65607f352cf7205f48f4319d417fff42842",
    "https://deno.land/std@0.181.0/fs/exists.ts": "b8c8a457b71e9d7f29b9d2f87aad8dba2739cbe637e8926d6ba6e92567875f8e",
    "https://deno.land/std@0.181.0/fs/expand_glob.ts": "e4f56259a0a70fe23f05215b00de3ac5e6ba46646ab2a06ebbe9b010f81c972a",
    "https://deno.land/std@0.181.0/fs/mod.ts": "bc3d0acd488cc7b42627044caf47d72019846d459279544e1934418955ba4898",
    "https://deno.land/std@0.181.0/fs/move.ts": "4cb47f880e3f0582c55e71c9f8b1e5e8cfaacb5e84f7390781dd563b7298ec19",
    "https://deno.land/std@0.181.0/fs/walk.ts": "ea95ffa6500c1eda6b365be488c056edc7c883a1db41ef46ec3bf057b1c0fe32",
    "https://deno.land/std@0.181.0/http/server.ts": "cbb17b594651215ba95c01a395700684e569c165a567e4e04bba327f41197433",
    "https://deno.land/std@0.181.0/path/_constants.ts": "e49961f6f4f48039c0dfed3c3f93e963ca3d92791c9d478ac5b43183413136e0",
    "https://deno.land/std@0.181.0/path/_interface.ts": "6471159dfbbc357e03882c2266d21ef9afdb1e4aa771b0545e90db58a0ba314b",
    "https://deno.land/std@0.181.0/path/_util.ts": "d7abb1e0dea065f427b89156e28cdeb32b045870acdf865833ba808a73b576d0",
    "https://deno.land/std@0.181.0/path/common.ts": "ee7505ab01fd22de3963b64e46cff31f40de34f9f8de1fff6a1bd2fe79380000",
    "https://deno.land/std@0.181.0/path/glob.ts": "d479e0a695621c94d3fd7fe7abd4f9499caf32a8de13f25073451c6ef420a4e1",
    "https://deno.land/std@0.181.0/path/mod.ts": "bf718f19a4fdd545aee1b06409ca0805bd1b68ecf876605ce632e932fe54510c",
    "https://deno.land/std@0.181.0/path/posix.ts": "8b7c67ac338714b30c816079303d0285dd24af6b284f7ad63da5b27372a2c94d",
    "https://deno.land/std@0.181.0/path/separator.ts": "0fb679739d0d1d7bf45b68dacfb4ec7563597a902edbaf3c59b50d5bcadd93b1",
    "https://deno.land/std@0.181.0/path/win32.ts": "d186344e5583bcbf8b18af416d13d82b35a317116e6460a5a3953508c3de5bba",
    "https://deno.land/std@0.181.0/streams/_common.ts": "f45cba84f0d813de3326466095539602364a9ba521f804cc758f7a475cda692d",
    "https://deno.land/std@0.181.0/streams/text_delimiter_stream.ts": "244304c832ec282d1b7ccf927f79c9f07debd061ab80c3d51f912365e8d31d30",
    "https://deno.land/std@0.192.0/_util/asserts.ts": "178dfc49a464aee693a7e285567b3d0b555dc805ff490505a8aae34f9cfb1462",
    "https://deno.land/std@0.192.0/bytes/bytes_list.ts": "31d664f4d42fa922066405d0e421c56da89d751886ee77bbe25a88bf0310c9d0",
    "https://deno.land/std@0.192.0/csv/_io.ts": "0f90b154e0f9c574a025f24d35d7ef617944809a66d277716243e68523a816b2",
    "https://deno.land/std@0.192.0/csv/csv_parse_stream.ts": "122840c0f83907c01cfc7d1f07ed6a5dc4e0efc9840d5acfb7bcf93b6040be3f",
    "https://deno.land/std@0.192.0/csv/csv_stringify_stream.ts": "57919368a9f1ed39e69c2efcbea0f6d8cfa7c7803df03d83b8791d06db07ef06",
    "https://deno.land/std@0.192.0/csv/mod.ts": "7559bf52e32848a55fb0522419167fae9b43b5a23a37d71c858dacb682726ee9",
    "https://deno.land/std@0.192.0/csv/parse.ts": "96f7be0b5b5c0778bbd1c3f6f4ec689aecc406b6ce66d5059da12ca2268d2b44",
    "https://deno.land/std@0.192.0/csv/stringify.ts": "f61627b78c1eb970e9af3b16e080a96f521021685878dad5c94d0c108fd3fdc3",
    "https://deno.land/std@0.192.0/streams/_common.ts": "f45cba84f0d813de3326466095539602364a9ba521f804cc758f7a475cda692d",
    "https://deno.land/std@0.192.0/streams/delimiter_stream.ts": "f69e849b3d1f59f02424497273f411105a6f76a9f13da92aeeb9a2d554236814",
    "https://deno.land/std@0.192.0/streams/text_delimiter_stream.ts": "20e680ab8b751390e359288ce764f9c47d164af11a263870746eeca4bc7d976b"
  },
  "workspace": {
    "dependencies": [
      "jsr:@std/csv@^1.0.3",
      "jsr:@std/fs@^0.224.0",
      "jsr:@std/http@^1.0.6",
      "jsr:@std/path@^0.224.0"
    ]
  }
}
