{
  "version": "3",
  "packages": {
    "specifiers": {
      "jsr:@std/assert@^0.224.0": "jsr:@std/assert@0.224.0",
      "jsr:@std/cli@^1.0.6": "jsr:@std/cli@1.0.6",
      "jsr:@std/csv@^1.0.3": "jsr:@std/csv@1.0.3",
      "jsr:@std/encoding@^0.224.0": "jsr:@std/encoding@0.224.3",
      "jsr:@std/encoding@^1.0.5": "jsr:@std/encoding@1.0.5",
      "jsr:@std/fmt@^1.0.2": "jsr:@std/fmt@1.0.2",
      "jsr:@std/fs@^0.224.0": "jsr:@std/fs@0.224.0",
      "jsr:@std/http@^1.0.6": "jsr:@std/http@1.0.6",
      "jsr:@std/media-types@^1.0.3": "jsr:@std/media-types@1.0.3",
      "jsr:@std/net@^1.0.3": "jsr:@std/net@1.0.4",
      "jsr:@std/path@^0.224.0": "jsr:@std/path@0.224.0",
      "jsr:@std/path@^1.0.5": "jsr:@std/path@1.0.6",
      "jsr:@std/streams@^1.0.4": "jsr:@std/streams@1.0.5",
      "jsr:@std/streams@^1.0.5": "jsr:@std/streams@1.0.5"
    },
    "jsr": {
      "@std/assert@0.224.0": {
        "integrity": "8643233ec7aec38a940a8264a6e3eed9bfa44e7a71cc6b3c8874213ff401967f"
      },
      "@std/cli@1.0.6": {
        "integrity": "d22d8b38c66c666d7ad1f2a66c5b122da1704f985d3c47f01129f05abb6c5d3d"
      },
      "@std/csv@1.0.3": {
        "integrity": "623acf0dcb88d62ba727c3611ad005df7f109ede8cac833e3986f540744562e5",
        "dependencies": [
          "jsr:@std/streams@^1.0.4"
        ]
      },
      "@std/encoding@0.224.3": {
        "integrity": "5e861b6d81be5359fad4155e591acf17c0207b595112d1840998bb9f476dbdaf"
      },
      "@std/encoding@1.0.5": {
        "integrity": "ecf363d4fc25bd85bd915ff6733a7e79b67e0e7806334af15f4645c569fefc04"
      },
      "@std/fmt@1.0.2": {
        "integrity": "87e9dfcdd3ca7c066e0c3c657c1f987c82888eb8103a3a3baa62684ffeb0f7a7"
      },
      "@std/fs@0.224.0": {
        "integrity": "52a5ec89731ac0ca8f971079339286f88c571a4d61686acf75833f03a89d8e69",
        "dependencies": [
          "jsr:@std/assert@^0.224.0",
          "jsr:@std/path@^0.224.0"
        ]
      },
      "@std/http@1.0.6": {
        "integrity": "20a6f3fa4a914fbb19ea96572f2519b656232597092581ed706cd865d842d0d0",
        "dependencies": [
          "jsr:@std/cli@^1.0.6",
          "jsr:@std/encoding@^1.0.5",
          "jsr:@std/fmt@^1.0.2",
          "jsr:@std/media-types@^1.0.3",
          "jsr:@std/net@^1.0.3",
          "jsr:@std/path@^1.0.5",
          "jsr:@std/streams@^1.0.5"
        ]
      },
      "@std/media-types@1.0.3": {
        "integrity": "b12d30a7852f7578f4d210622df713bbfd1cbdd9b4ec2eaf5c1845ab70bab159"
      },
      "@std/net@1.0.4": {
        "integrity": "2f403b455ebbccf83d8a027d29c5a9e3a2452fea39bb2da7f2c04af09c8bc852"
      },
      "@std/path@0.224.0": {
        "integrity": "55bca6361e5a6d158b9380e82d4981d82d338ec587de02951e2b7c3a24910ee6",
        "dependencies": [
          "jsr:@std/assert@^0.224.0"
        ]
      },
      "@std/path@1.0.6": {
        "integrity": "ab2c55f902b380cf28e0eec501b4906e4c1960d13f00e11cfbcd21de15f18fed"
      },
      "@std/streams@1.0.4": {
        "integrity": "a1a5b01c74ca1d2dcaacfe1d4bbb91392e765946d82a3471bd95539adc6da83a"
      },
      "@std/streams@1.0.5": {
        "integrity": "74e5c73d7d68eeab0d7fba3b05cbee3ba4ac5ae37c5f4e675f67e62f8f53edc4"
      }
    }
  },
  "redirects": {
    "https://deno.land/x/dotenv/mod.ts": "https://deno.land/x/dotenv@v3.2.2/mod.ts"
  },
  "remote": {
    "https://deno.land/std@0.181.0/_util/asserts.ts": "178dfc49a464aee693a7e285567b3d0b555dc805ff490505a8aae34f9cfb1462",
    "https://deno.land/std@0.181.0/_util/os.ts": "d932f56d41e4f6a6093d56044e29ce637f8dcc43c5a90af43504a889cf1775e3",
    "https://deno.land/std@0.181.0/async/abortable.ts": "fd682fa46f3b7b16b4606a5ab52a7ce309434b76f820d3221bdfb862719a15d7",
    "https://deno.land/std@0.181.0/async/deadline.ts": "c5facb0b404eede83e38bd2717ea8ab34faa2ffb20ef87fd261fcba32ba307aa",
    "https://deno.land/std@0.181.0/async/debounce.ts": "adab11d04ca38d699444ac8a9d9856b4155e8dda2afd07ce78276c01ea5a4332",
    "https://deno.land/std@0.181.0/async/deferred.ts": "42790112f36a75a57db4a96d33974a936deb7b04d25c6084a9fa8a49f135def8",
    "https://deno.land/std@0.181.0/async/delay.ts": "73aa04cec034c84fc748c7be49bb15cac3dd43a57174bfdb7a4aec22c248f0dd",
    "https://deno.land/std@0.181.0/async/mod.ts": "f04344fa21738e5ad6bea37a6bfffd57c617c2d372bb9f9dcfd118a1b622e576",
    "https://deno.land/std@0.181.0/async/mux_async_iterator.ts": "70c7f2ee4e9466161350473ad61cac0b9f115cff4c552eaa7ef9d50c4cbb4cc9",
    "https://deno.land/std@0.181.0/async/pool.ts": "fd082bd4aaf26445909889435a5c74334c017847842ec035739b4ae637ae8260",
    "https://deno.land/std@0.181.0/async/retry.ts": "dd19d93033d8eaddbfcb7654c0366e9d3b0a21448bdb06eba4a7d8a8cf936a92",
    "https://deno.land/std@0.181.0/async/tee.ts": "47e42d35f622650b02234d43803d0383a89eb4387e1b83b5a40106d18ae36757",
    "https://deno.land/std@0.181.0/csv/_io.ts": "a0adec0dff2a55519f3782f931ed4340959d3be55cf92381ee424fc0d9b3bc65",
    "https://deno.land/std@0.181.0/csv/mod.ts": "5f6fdc984c00d77776880bc135e4cd8dd1446d94a9640864361142313a1bbcd6",
    "https://deno.land/std@0.181.0/csv/parse.ts": "03efc935a257780dd126bca06cbf879665d2ce8ee5a88c0015d45aa2274dcdc2",
    "https://deno.land/std@0.181.0/csv/stream.ts": "240a14563dba0bc30786a9bf667a194c8bc29a0b4a300317b554088324791bc5",
    "https://deno.land/std@0.181.0/csv/stringify.ts": "f0dd4baa8b282b37d91a025ec458dc814d357e934778026661b9ebdf0d3a59a2",
    "https://deno.land/std@0.181.0/encoding/csv.ts": "6b39b22bc5cff40d39a1ec49f49c7f2a426b73aed5ea01f987afc7a85e384f97",
    "https://deno.land/std@0.181.0/fs/_util.ts": "65381f341af1ff7f40198cee15c20f59951ac26e51ddc651c5293e24f9ce6f32",
    "https://deno.land/std@0.181.0/fs/copy.ts": "14214efd94fc3aa6db1e4af2b4b9578e50f7362b7f3725d5a14ad259a5df26c8",
    "https://deno.land/std@0.181.0/fs/empty_dir.ts": "c3d2da4c7352fab1cf144a1ecfef58090769e8af633678e0f3fabaef98594688",
    "https://deno.land/std@0.181.0/fs/ensure_dir.ts": "dc64c4c75c64721d4e3fb681f1382f803ff3d2868f08563ff923fdd20d071c40",
    "https://deno.land/std@0.181.0/fs/ensure_file.ts": "c38602670bfaf259d86ca824a94e6cb9e5eb73757fefa4ebf43a90dd017d53d9",
    "https://deno.land/std@0.181.0/fs/ensure_link.ts": "c0f5b2f0ec094ed52b9128eccb1ee23362a617457aa0f699b145d4883f5b2fb4",
    "https://deno.land/std@0.181.0/fs/ensure_symlink.ts": "5006ab2f458159c56d689b53b1e48d57e05eeb1eaf64e677f7f76a30bc4fdba1",
    "https://deno.land/std@0.181.0/fs/eol.ts": "f1f2eb348a750c34500741987b21d65607f352cf7205f48f4319d417fff42842",
    "https://deno.land/std@0.181.0/fs/exists.ts": "b8c8a457b71e9d7f29b9d2f87aad8dba2739cbe637e8926d6ba6e92567875f8e",
    "https://deno.land/std@0.181.0/fs/expand_glob.ts": "e4f56259a0a70fe23f05215b00de3ac5e6ba46646ab2a06ebbe9b010f81c972a",
    "https://deno.land/std@0.181.0/fs/mod.ts": "bc3d0acd488cc7b42627044caf47d72019846d459279544e1934418955ba4898",
    "https://deno.land/std@0.181.0/fs/move.ts": "4cb47f880e3f0582c55e71c9f8b1e5e8cfaacb5e84f7390781dd563b7298ec19",
    "https://deno.land/std@0.181.0/fs/walk.ts": "ea95ffa6500c1eda6b365be488c056edc7c883a1db41ef46ec3bf057b1c0fe32",
    "https://deno.land/std@0.181.0/http/server.ts": "cbb17b594651215ba95c01a395700684e569c165a567e4e04bba327f41197433",
    "https://deno.land/std@0.181.0/path/_constants.ts": "e49961f6f4f48039c0dfed3c3f93e963ca3d92791c9d478ac5b43183413136e0",
    "https://deno.land/std@0.181.0/path/_interface.ts": "6471159dfbbc357e03882c2266d21ef9afdb1e4aa771b0545e90db58a0ba314b",
    "https://deno.land/std@0.181.0/path/_util.ts": "d7abb1e0dea065f427b89156e28cdeb32b045870acdf865833ba808a73b576d0",
    "https://deno.land/std@0.181.0/path/common.ts": "ee7505ab01fd22de3963b64e46cff31f40de34f9f8de1fff6a1bd2fe79380000",
    "https://deno.land/std@0.181.0/path/glob.ts": "d479e0a695621c94d3fd7fe7abd4f9499caf32a8de13f25073451c6ef420a4e1",
    "https://deno.land/std@0.181.0/path/mod.ts": "bf718f19a4fdd545aee1b06409ca0805bd1b68ecf876605ce632e932fe54510c",
    "https://deno.land/std@0.181.0/path/posix.ts": "8b7c67ac338714b30c816079303d0285dd24af6b284f7ad63da5b27372a2c94d",
    "https://deno.land/std@0.181.0/path/separator.ts": "0fb679739d0d1d7bf45b68dacfb4ec7563597a902edbaf3c59b50d5bcadd93b1",
    "https://deno.land/std@0.181.0/path/win32.ts": "d186344e5583bcbf8b18af416d13d82b35a317116e6460a5a3953508c3de5bba",
    "https://deno.land/std@0.181.0/streams/_common.ts": "f45cba84f0d813de3326466095539602364a9ba521f804cc758f7a475cda692d",
    "https://deno.land/std@0.181.0/streams/text_delimiter_stream.ts": "244304c832ec282d1b7ccf927f79c9f07debd061ab80c3d51f912365e8d31d30",
    "https://deno.land/std@0.192.0/_util/asserts.ts": "178dfc49a464aee693a7e285567b3d0b555dc805ff490505a8aae34f9cfb1462",
    "https://deno.land/std@0.192.0/bytes/bytes_list.ts": "31d664f4d42fa922066405d0e421c56da89d751886ee77bbe25a88bf0310c9d0",
    "https://deno.land/std@0.192.0/csv/_io.ts": "0f90b154e0f9c574a025f24d35d7ef617944809a66d277716243e68523a816b2",
    "https://deno.land/std@0.192.0/csv/csv_parse_stream.ts": "122840c0f83907c01cfc7d1f07ed6a5dc4e0efc9840d5acfb7bcf93b6040be3f",
    "https://deno.land/std@0.192.0/csv/csv_stringify_stream.ts": "57919368a9f1ed39e69c2efcbea0f6d8cfa7c7803df03d83b8791d06db07ef06",
    "https://deno.land/std@0.192.0/csv/mod.ts": "7559bf52e32848a55fb0522419167fae9b43b5a23a37d71c858dacb682726ee9",
    "https://deno.land/std@0.192.0/csv/parse.ts": "96f7be0b5b5c0778bbd1c3f6f4ec689aecc406b6ce66d5059da12ca2268d2b44",
    "https://deno.land/std@0.192.0/csv/stringify.ts": "f61627b78c1eb970e9af3b16e080a96f521021685878dad5c94d0c108fd3fdc3",
    "https://deno.land/std@0.192.0/streams/_common.ts": "f45cba84f0d813de3326466095539602364a9ba521f804cc758f7a475cda692d",
    "https://deno.land/std@0.192.0/streams/delimiter_stream.ts": "f69e849b3d1f59f02424497273f411105a6f76a9f13da92aeeb9a2d554236814",
    "https://deno.land/std@0.192.0/streams/text_delimiter_stream.ts": "20e680ab8b751390e359288ce764f9c47d164af11a263870746eeca4bc7d976b",
    "https://deno.land/x/dotenv@v3.2.2/mod.ts": "077b48773de9205266a0b44c3c3a3c3083449ed64bb0b6cc461b95720678d38e",
    "https://deno.land/x/dotenv@v3.2.2/util.ts": "693730877b13f8ead2b79b2aa31e2a0652862f7dc0c5f6d2f313f4d39c7b7670",
    "https://deno.land/x/openai@v4.62.1/_shims/MultipartBody.ts": "fe06a56b54ae358c9cf99823096e34b36795fdba2e17513f0e9539210edd797d",
    "https://deno.land/x/openai@v4.62.1/_shims/mod.ts": "2e253cb26bfa7060bd37e45626e60e4bf3e7b3fb3e0f559fdfdeef94c73f9372",
    "https://deno.land/x/openai@v4.62.1/_vendor/partial-json-parser/parser.ts": "5ee7caf85edb570fb4b95a81e8fb48fc3c9450b70a46efe7f9c1a2010738d060",
    "https://deno.land/x/openai@v4.62.1/core.ts": "f54657e895b727697f4734879c494d0014e8ab49bdb1a70978730d0c2e3a4578",
    "https://deno.land/x/openai@v4.62.1/error.ts": "ffe2c1e6a373a88593c70289b94a44a508a925fde16807e489fa146b538f37de",
    "https://deno.land/x/openai@v4.62.1/internal/qs/formats.ts": "7bbe68548238a984644a723bd045614c5b0e81c1a0ae5c3acc050931442d67d7",
    "https://deno.land/x/openai@v4.62.1/internal/qs/mod.ts": "eab02831aa5e2896d12b824cebf9b2c3a0fc718e8488a05b6d7c2d35895c102a",
    "https://deno.land/x/openai@v4.62.1/internal/qs/stringify.ts": "777514fc7107d6878a8ac80897bd4ca6f9be7ecf67ecf51f57359ec5e7186763",
    "https://deno.land/x/openai@v4.62.1/internal/qs/types.ts": "9c319089f022ad9d1fd95d87e2232de8c352bb980ee51de757b4bc23181cfbc2",
    "https://deno.land/x/openai@v4.62.1/internal/qs/utils.ts": "9a2ecb6321ed49aa4e6f7cd7a47778365c7c3778283264c7c5e1756bfd7b97d1",
    "https://deno.land/x/openai@v4.62.1/lib/AbstractChatCompletionRunner.ts": "2ebc15b6513f98f9002cef24406c0187125704f8c3c7a8f26f80e420f155413c",
    "https://deno.land/x/openai@v4.62.1/lib/AssistantStream.ts": "4d7ab356cc77299e98a5926908ed080de2af0083bba6a1ffeb5509bc8f8d0a9d",
    "https://deno.land/x/openai@v4.62.1/lib/ChatCompletionRunner.ts": "f2038e4b0000d59bdfe601703ca9326085e493ba4b90ed8186a61d75d2377248",
    "https://deno.land/x/openai@v4.62.1/lib/ChatCompletionStream.ts": "4cb95561b01aa471895d398f1461a96c7272b0efd2c010ad1d4b9620a7ae1f47",
    "https://deno.land/x/openai@v4.62.1/lib/ChatCompletionStreamingRunner.ts": "35f8658c5fb354a724f59eca13731523bf565520b5923c00d995b09e2ea9a56f",
    "https://deno.land/x/openai@v4.62.1/lib/EventStream.ts": "14836091490ea45c9d1168dd91c179dbad7757ca7c7f953049f2bce10b0cbf6e",
    "https://deno.land/x/openai@v4.62.1/lib/RunnableFunction.ts": "640a9d35f27b470a95711d841295ccc530b851dec274f9a70bcd12cb04041545",
    "https://deno.land/x/openai@v4.62.1/lib/Util.ts": "aa555aecdbba8b0ae2e8a982a6797cabc0942fa0d2e99ce629d243d9032941b8",
    "https://deno.land/x/openai@v4.62.1/lib/chatCompletionUtils.ts": "4991d3e698a54f8e4273eb0f1d73851f7ba549a0a32fabbcd739627677003cb9",
    "https://deno.land/x/openai@v4.62.1/lib/jsonschema.ts": "ed31a7861e19e505c43aa7612579b2739243ee8e8dd47ccb5f8908fa5ff3b5f0",
    "https://deno.land/x/openai@v4.62.1/lib/parser.ts": "1461923499c521d97bdb7223adc228b3e1073f52d7d7c48822423081b8cc5c0c",
    "https://deno.land/x/openai@v4.62.1/mod.ts": "8927911893351a2e28c674d8540025c9d9ce4f41d2421d64fd405124022a269b",
    "https://deno.land/x/openai@v4.62.1/pagination.ts": "02a6737ca6c987cab6effa2788327d022b9e0edc95dd98db0be986383f484e22",
    "https://deno.land/x/openai@v4.62.1/resource.ts": "c496dbda8dc6324d25fcef3d7233310935259d6aa0baf4b0d95039e4913f6380",
    "https://deno.land/x/openai@v4.62.1/resources/audio/audio.ts": "7287c7ef931d7fe73ce1ac03641225b06bdf2c2a233e8d75ea6da31daf3d91d8",
    "https://deno.land/x/openai@v4.62.1/resources/audio/speech.ts": "406fd5cb6d9799dfbad09f4c9156797114550552f63d9a1822846b4e79f1950e",
    "https://deno.land/x/openai@v4.62.1/resources/audio/transcriptions.ts": "28fb03b6747272d705c85eee41711dca9071be4564f42ece6169fd5ff6ab2e40",
    "https://deno.land/x/openai@v4.62.1/resources/audio/translations.ts": "d01b9e5e464accce100411956ec55eb66ac8e88d52e0889530bc2111d3062976",
    "https://deno.land/x/openai@v4.62.1/resources/batches.ts": "c74d0c40fd748fae60107297a10a62a1a98a646ac2a1b20e9be8499bdceeda57",
    "https://deno.land/x/openai@v4.62.1/resources/beta/assistants.ts": "f5cc920616fad0ae6994b15eacec4475eb731c7e343d043dd898f7cbec823a96",
    "https://deno.land/x/openai@v4.62.1/resources/beta/beta.ts": "18d141633c9ca356feed84f71789d37a0076f711012de4f0120a50226f9eaf88",
    "https://deno.land/x/openai@v4.62.1/resources/beta/chat/chat.ts": "80dc8786a4b895e9fb152495496f44ac669e95fbb9c2f5a3c0bd379f408b1e1c",
    "https://deno.land/x/openai@v4.62.1/resources/beta/chat/completions.ts": "4599a35da9351cd58ab46e536c3f62e207762f64655786de1f931438c125bf57",
    "https://deno.land/x/openai@v4.62.1/resources/beta/threads/messages.ts": "51acea64463644078110c67e280a49f630a8cefa62d7cff20c8e2e1fa10ebf0d",
    "https://deno.land/x/openai@v4.62.1/resources/beta/threads/runs/runs.ts": "a26a407ef55673e38e6c51abc8623a6469aed59d8a8fdde8706993e54694cb27",
    "https://deno.land/x/openai@v4.62.1/resources/beta/threads/runs/steps.ts": "6c4860df114632ff38fafb2e1dc7485b77dcf88570bc07544016c847db4ed21b",
    "https://deno.land/x/openai@v4.62.1/resources/beta/threads/threads.ts": "e410ba22441ce0d8dcfc155a5b57823189ff77ece733f6e8b932db4f3706f22f",
    "https://deno.land/x/openai@v4.62.1/resources/beta/vector-stores/file-batches.ts": "9b727c0aa5306580bfc0c474ce1871968707dfa3906fba05d737f95cc05af406",
    "https://deno.land/x/openai@v4.62.1/resources/beta/vector-stores/files.ts": "fff8fa00e3df2608741e7b83a95264b3bf9400bf9fe820e2a5ae72d7ea3f0198",
    "https://deno.land/x/openai@v4.62.1/resources/beta/vector-stores/vector-stores.ts": "544bdb83534d746d5577801c092a92e1d515571d68fa6509954089b11e813c91",
    "https://deno.land/x/openai@v4.62.1/resources/chat/chat.ts": "f5ba13a1cb5b1ae0d8c602e630322f08c97b6436c30abcc309e31bbee1a182e6",
    "https://deno.land/x/openai@v4.62.1/resources/chat/completions.ts": "5724e5c31d6737e4f62727b9ce6ef4a2379302adb6d2bbc5d93639441db09452",
    "https://deno.land/x/openai@v4.62.1/resources/chat/mod.ts": "ac3ac00de439d0cf37f3ed2a63c30fe5406d08c07178f3c5ff9a643dd209c1d7",
    "https://deno.land/x/openai@v4.62.1/resources/completions.ts": "2e213f19529f4c0ad8c504875f909df9844652575da2c5cefd2b4a858b6bc3e6",
    "https://deno.land/x/openai@v4.62.1/resources/embeddings.ts": "2a28c666fe9c42bb860bdfa1b27c4aae96c548159aa7e7030a384cfbb00a7465",
    "https://deno.land/x/openai@v4.62.1/resources/files.ts": "b3edff249bbd1bd29c4bac1d2d32dfb44e9afbea0cbf31f37b240748059cff55",
    "https://deno.land/x/openai@v4.62.1/resources/fine-tuning/fine-tuning.ts": "5cb89d96fc6d914ae2d68257a4d08a1f12c140c12b7892a14393177ca9c4ca2b",
    "https://deno.land/x/openai@v4.62.1/resources/fine-tuning/jobs/checkpoints.ts": "d5a62d828186fb54b50ac2aa0f82a8f9b0c66a7ece0728e79e30cf6e19251bdf",
    "https://deno.land/x/openai@v4.62.1/resources/fine-tuning/jobs/jobs.ts": "cce555739996ad8611963b2d68d328c757fa1535fa8fc347982ca8fae2d3d7ac",
    "https://deno.land/x/openai@v4.62.1/resources/images.ts": "5774e74b1e88b7ba696272fac83a41c1558737d2640da64bcdfb11ba253b0943",
    "https://deno.land/x/openai@v4.62.1/resources/mod.ts": "0b0e5a58769e7860164f4277c676d36cdba4d32705c61b63ad7087a1fb86f748",
    "https://deno.land/x/openai@v4.62.1/resources/models.ts": "fc8620e0d93158560be0e941bbb298870c7f85515ec2a411602fb46a1269ea93",
    "https://deno.land/x/openai@v4.62.1/resources/moderations.ts": "3f1c50b69d10884b21004ce19c8905b5c9850c7194dbd167b56b01ccdde91a74",
    "https://deno.land/x/openai@v4.62.1/resources/shared.ts": "79abd8e478551d04209384197e86a7bc390a5a3de5d10b0f60aa67c9af4ad3b4",
    "https://deno.land/x/openai@v4.62.1/resources/uploads/parts.ts": "261610445bbbacdf913aec27d9084dbdd95c524b5eb74c0a3b9cb650d6135584",
    "https://deno.land/x/openai@v4.62.1/resources/uploads/uploads.ts": "6d42e5238aecba708eed1b48ad5eab37d7a9950d06e5f74aa059c8b94cfeff36",
    "https://deno.land/x/openai@v4.62.1/streaming.ts": "04f85a25d5143758473521223e58003a59cc617fa57755e5a62ba96741cb50ef",
    "https://deno.land/x/openai@v4.62.1/uploads.ts": "8dd7822de2fdb6a46be3941af43788000d4a2b56104180403f68999370d04542",
    "https://deno.land/x/openai@v4.62.1/version.ts": "a3691634405856c75a13d45c0a69eaadbcae508de5da7a82d8fffc97e2a989c5"
  },
  "workspace": {
    "dependencies": [
      "jsr:@std/csv@^1.0.3",
      "jsr:@std/fs@^0.224.0",
      "jsr:@std/http@^1.0.6",
      "jsr:@std/path@^0.224.0"
    ]
  }
}
